
Microsoft Visual Studio Solution File, Format Version 12.00
# Visual Studio 2013
VisualStudioVersion = 12.0.31101.0
MinimumVisualStudioVersion = 10.0.40219.1
Project("{FAE04EC0-301F-11D3-BF4B-00C04F79EFBC}") = "MVCMusicStore", "MVCMusicStore\MVCMusicStore.csproj", "{B15E2797-08D8-4507-85E4-0E5EDBC72692}"
EndProject
Project("{FAE04EC0-301F-11D3-BF4B-00C04F79EFBC}") = "MVCMusicStore.Tests", "..\Visual Studio 2013\Projects\MVCMusicStore\MVCMusicStore.Tests\MVCMusicStore.Tests.csproj", "{CB342E70-5D77-403D-9061-05AB81A5F19E}"
EndProject
Global
	GlobalSection(SolutionConfigurationPlatforms) = preSolution
		Debug|Any CPU = Debug|Any CPU
		Release|Any CPU = Release|Any CPU
	EndGlobalSection
	GlobalSection(ProjectConfigurationPlatforms) = postSolution
		{B15E2797-08D8-4507-85E4-0E5EDBC72692}.Debug|Any CPU.ActiveCfg = Debug|Any CPU
		{B15E2797-08D8-4507-85E4-0E5EDBC72692}.Debug|Any CPU.Build.0 = Debug|Any CPU
		{B15E2797-08D8-4507-85E4-0E5EDBC72692}.Release|Any CPU.ActiveCfg = Release|Any CPU
		{B15E2797-08D8-4507-85E4-0E5EDBC72692}.Release|Any CPU.Build.0 = Release|Any CPU
		{CB342E70-5D77-403D-9061-05AB81A5F19E}.Debug|Any CPU.ActiveCfg = Debug|Any CPU
		{CB342E70-5D77-403D-9061-05AB81A5F19E}.Debug|Any CPU.Build.0 = Debug|Any CPU
		{CB342E70-5D77-403D-9061-05AB81A5F19E}.Release|Any CPU.ActiveCfg = Release|Any CPU
		{CB342E70-5D77-403D-9061-05AB81A5F19E}.Release|Any CPU.Build.0 = Release|Any CPU
	EndGlobalSection
	GlobalSection(SolutionProperties) = preSolution
		HideSolutionNode = FALSE
	EndGlobalSection
EndGlobal
